
Microsoft Visual Studio Solution File, Format Version 12.00
# Visual Studio Version 17
VisualStudioVersion = 17.3.32811.315
MinimumVisualStudioVersion = 10.0.40219.1
Project("{9A19103F-16F7-4668-BE54-9A1E7A4F7556}") = "SmartLibraryManager", "SmartLibraryManager\SmartLibraryManager.csproj", "{73CEA75D-6A67-4302-B4D4-6165672CC382}"
EndProject
Project("{9A19103F-16F7-4668-BE54-9A1E7A4F7556}") = "SmartLibraryManagerTests", "SmartLibraryManagerTests\SmartLibraryManagerTests.csproj", "{59B483BB-1C81-421F-9C02-A2F6F7DC1165}"
EndProject
Global
	GlobalSection(SolutionConfigurationPlatforms) = preSolution
		Debug|Any CPU = Debug|Any CPU
		Release|Any CPU = Release|Any CPU
	EndGlobalSection
	GlobalSection(ProjectConfigurationPlatforms) = postSolution
		{73CEA75D-6A67-4302-B4D4-6165672CC382}.Debug|Any CPU.ActiveCfg = Debug|Any CPU
		{73CEA75D-6A67-4302-B4D4-6165672CC382}.Debug|Any CPU.Build.0 = Debug|Any CPU
		{73CEA75D-6A67-4302-B4D4-6165672CC382}.Release|Any CPU.ActiveCfg = Release|Any CPU
		{73CEA75D-6A67-4302-B4D4-6165672CC382}.Release|Any CPU.Build.0 = Release|Any CPU
		{59B483BB-1C81-421F-9C02-A2F6F7DC1165}.Debug|Any CPU.ActiveCfg = Debug|Any CPU
		{59B483BB-1C81-421F-9C02-A2F6F7DC1165}.Debug|Any CPU.Build.0 = Debug|Any CPU
		{59B483BB-1C81-421F-9C02-A2F6F7DC1165}.Release|Any CPU.ActiveCfg = Release|Any CPU
		{59B483BB-1C81-421F-9C02-A2F6F7DC1165}.Release|Any CPU.Build.0 = Release|Any CPU
	EndGlobalSection
	GlobalSection(SolutionProperties) = preSolution
		HideSolutionNode = FALSE
	EndGlobalSection
	GlobalSection(ExtensibilityGlobals) = postSolution
		SolutionGuid = {4A1BC531-ABEA-4104-ACDC-EC67FBB3AD20}
	EndGlobalSection
EndGlobal
